# THIS IS AN AUTOGENERATED FILE. DO NOT EDIT THIS FILE DIRECTLY.
# yarn lockfile v1


"@babel/runtime@^7.3.1", "@babel/runtime@^7.4.4", "@babel/runtime@^7.5.5", "@babel/runtime@^7.6.2", "@babel/runtime@^7.6.3":
  version "7.9.2"
  resolved "https://registry.npm.taobao.org/@babel/runtime/download/@babel/runtime-7.9.2.tgz?cache=0&sync_timestamp=1584800310568&other_urls=https%3A%2F%2Fregistry.npm.taobao.org%2F%40babel%2Fruntime%2Fdownload%2F%40babel%2Fruntime-7.9.2.tgz#d90df0583a3a252f09aaa619665367bae518db06"
  integrity sha1-2Q3wWDo6JS8JqqYZZlNnuuUY2wY=
  dependencies:
    regenerator-runtime "^0.13.4"

"@emotion/hash@^0.8.0":
  version "0.8.0"
  resolved "https://registry.npm.taobao.org/@emotion/hash/download/@emotion/hash-0.8.0.tgz#bbbff68978fefdbe68ccb533bc8cbe1d1afb5413"
  integrity sha1-u7/2iXj+/b5ozLUzvIy+HRr7VBM=

"@material-ui/core@^4.7.2":
  version "4.9.7"
  resolved "https://registry.npm.taobao.org/@material-ui/core/download/@material-ui/core-4.9.7.tgz#0c1caf123278770f34c5d8e9ecd9e1314f87a621"
  integrity sha1-DByvEjJ4dw80xdjp7NnhMU+HpiE=
  dependencies:
    "@babel/runtime" "^7.4.4"
    "@material-ui/styles" "^4.9.6"
    "@material-ui/system" "^4.9.6"
    "@material-ui/types" "^5.0.0"
    "@material-ui/utils" "^4.9.6"
    "@types/react-transition-group" "^4.2.0"
    clsx "^1.0.2"
    hoist-non-react-statics "^3.3.2"
    popper.js "^1.14.1"
    prop-types "^15.7.2"
    react-is "^16.8.0"
    react-transition-group "^4.3.0"

"@material-ui/styles@^4.9.6":
  version "4.9.6"
  resolved "https://registry.npm.taobao.org/@material-ui/styles/download/@material-ui/styles-4.9.6.tgz#924a30bf7c9b91af9c8f19c12c8573b8a4ecd085"
  integrity sha1-kkowv3ybka+cjxnBLIVzuKTs0IU=
  dependencies:
    "@babel/runtime" "^7.4.4"
    "@emotion/hash" "^0.8.0"
    "@material-ui/types" "^5.0.0"
    "@material-ui/utils" "^4.9.6"
    clsx "^1.0.2"
    csstype "^2.5.2"
    hoist-non-react-statics "^3.3.2"
    jss "^10.0.3"
    jss-plugin-camel-case "^10.0.3"
    jss-plugin-default-unit "^10.0.3"
    jss-plugin-global "^10.0.3"
    jss-plugin-nested "^10.0.3"
    jss-plugin-props-sort "^10.0.3"
    jss-plugin-rule-value-function "^10.0.3"
    jss-plugin-vendor-prefixer "^10.0.3"
    prop-types "^15.7.2"

"@material-ui/system@^4.9.6":
  version "4.9.6"
  resolved "https://registry.npm.taobao.org/@material-ui/system/download/@material-ui/system-4.9.6.tgz#fd060540224da4d1740da8ca6e7af288e217717e"
  integrity sha1-/QYFQCJNpNF0DajKbnryiOIXcX4=
  dependencies:
    "@babel/runtime" "^7.4.4"
    "@material-ui/utils" "^4.9.6"
    prop-types "^15.7.2"

"@material-ui/types@^5.0.0":
  version "5.0.0"
  resolved "https://registry.npm.taobao.org/@material-ui/types/download/@material-ui/types-5.0.0.tgz#26d6259dc6b39f4c2e1e9aceff7a11e031941741"
  integrity sha1-JtYlncazn0wuHprO/3oR4DGUF0E=

"@material-ui/utils@^4.9.6":
  version "4.9.6"
  resolved "https://registry.npm.taobao.org/@material-ui/utils/download/@material-ui/utils-4.9.6.tgz?cache=0&sync_timestamp=1584529047496&other_urls=https%3A%2F%2Fregistry.npm.taobao.org%2F%40material-ui%2Futils%2Fdownload%2F%40material-ui%2Futils-4.9.6.tgz#5f1f9f6e4df9c8b6a263293b68c94834248ff157"
  integrity sha1-Xx+fbk35yLaiYyk7aMlINCSP8Vc=
  dependencies:
    "@babel/runtime" "^7.4.4"
    prop-types "^15.7.2"
    react-is "^16.8.0"

"@types/prop-types@*":
  version "15.7.3"
  resolved "https://registry.npm.taobao.org/@types/prop-types/download/@types/prop-types-15.7.3.tgz?cache=0&sync_timestamp=1580844922690&other_urls=https%3A%2F%2Fregistry.npm.taobao.org%2F%40types%2Fprop-types%2Fdownload%2F%40types%2Fprop-types-15.7.3.tgz#2ab0d5da2e5815f94b0b9d4b95d1e5f243ab2ca7"
  integrity sha1-KrDV2i5YFflLC51LldHl8kOrLKc=

"@types/react-transition-group@^4.2.0":
  version "4.2.4"
  resolved "https://registry.npm.taobao.org/@types/react-transition-group/download/@types/react-transition-group-4.2.4.tgz#c7416225987ccdb719262766c1483da8f826838d"
  integrity sha1-x0FiJZh8zbcZJidmwUg9qPgmg40=
  dependencies:
    "@types/react" "*"

"@types/react@*":
  version "16.9.25"
  resolved "https://registry.npm.taobao.org/@types/react/download/@types/react-16.9.25.tgz?cache=0&sync_timestamp=1584727087905&other_urls=https%3A%2F%2Fregistry.npm.taobao.org%2F%40types%2Freact%2Fdownload%2F%40types%2Freact-16.9.25.tgz#6ae2159b40138c792058a23c3c04fd3db49e929e"
  integrity sha1-auIVm0ATjHkgWKI8PAT9PbSekp4=
  dependencies:
    "@types/prop-types" "*"
    csstype "^2.2.0"

clsx@^1.0.2, clsx@^1.1.0:
  version "1.1.0"
  resolved "https://registry.npm.taobao.org/clsx/download/clsx-1.1.0.tgz#62937c6adfea771247c34b54d320fb99624f5702"
  integrity sha1-YpN8at/qdxJHw0tU0yD7mWJPVwI=

css-vendor@^2.0.7:
  version "2.0.7"
  resolved "https://registry.npm.taobao.org/css-vendor/download/css-vendor-2.0.7.tgz#4e6d53d953c187981576d6a542acc9fb57174bda"
  integrity sha1-Tm1T2VPBh5gVdtalQqzJ+1cXS9o=
  dependencies:
    "@babel/runtime" "^7.6.2"
    is-in-browser "^1.0.2"

csstype@^2.2.0, csstype@^2.5.2, csstype@^2.6.5, csstype@^2.6.7:
  version "2.6.9"
  resolved "https://registry.npm.taobao.org/csstype/download/csstype-2.6.9.tgz#05141d0cd557a56b8891394c1911c40c8a98d098"
  integrity sha1-BRQdDNVXpWuIkTlMGRHEDIqY0Jg=

dom-helpers@^5.0.1:
  version "5.1.3"
  resolved "https://registry.npm.taobao.org/dom-helpers/download/dom-helpers-5.1.3.tgz#7233248eb3a2d1f74aafca31e52c5299cc8ce821"
  integrity sha1-cjMkjrOi0fdKr8ox5SxSmcyM6CE=
  dependencies:
    "@babel/runtime" "^7.6.3"
    csstype "^2.6.7"

hoist-non-react-statics@^3.3.2:
  version "3.3.2"
  resolved "https://registry.npm.taobao.org/hoist-non-react-statics/download/hoist-non-react-statics-3.3.2.tgz#ece0acaf71d62c2969c2ec59feff42a4b1a85b45"
  integrity sha1-7OCsr3HWLClpwuxZ/v9CpLGoW0U=
  dependencies:
    react-is "^16.7.0"

hyphenate-style-name@^1.0.3:
  version "1.0.3"
  resolved "https://registry.npm.taobao.org/hyphenate-style-name/download/hyphenate-style-name-1.0.3.tgz#097bb7fa0b8f1a9cf0bd5c734cf95899981a9b48"
  integrity sha1-CXu3+guPGpzwvVxzTPlYmZgam0g=

is-in-browser@^1.0.2, is-in-browser@^1.1.3:
  version "1.1.3"
  resolved "https://registry.npm.taobao.org/is-in-browser/download/is-in-browser-1.1.3.tgz#56ff4db683a078c6082eb95dad7dc62e1d04f835"
  integrity sha1-Vv9NtoOgeMYILrldrX3GLh0E+DU=

"js-tokens@^3.0.0 || ^4.0.0":
  version "4.0.0"
  resolved "https://registry.npm.taobao.org/js-tokens/download/js-tokens-4.0.0.tgz#19203fb59991df98e3a287050d4647cdeaf32499"
  integrity sha1-GSA/tZmR35jjoocFDUZHzerzJJk=

jss-plugin-camel-case@^10.0.3:
  version "10.1.1"
  resolved "https://registry.npm.taobao.org/jss-plugin-camel-case/download/jss-plugin-camel-case-10.1.1.tgz#8e73ecc4f1d0f8dfe4dd31f6f9f2782588970e78"
  integrity sha1-jnPsxPHQ+N/k3TH2+fJ4JYiXDng=
  dependencies:
    "@babel/runtime" "^7.3.1"
    hyphenate-style-name "^1.0.3"
    jss "10.1.1"

jss-plugin-default-unit@^10.0.3:
  version "10.1.1"
  resolved "https://registry.npm.taobao.org/jss-plugin-default-unit/download/jss-plugin-default-unit-10.1.1.tgz#2df86016dfe73085eead843f5794e3890e9c5c47"
  integrity sha1-LfhgFt/nMIXurYQ/V5TjiQ6cXEc=
  dependencies:
    "@babel/runtime" "^7.3.1"
    jss "10.1.1"

jss-plugin-global@^10.0.3:
  version "10.1.1"
  resolved "https://registry.npm.taobao.org/jss-plugin-global/download/jss-plugin-global-10.1.1.tgz#36b0d6d9facb74dfd99590643708a89260747d14"
  integrity sha1-NrDW2frLdN/ZlZBkNwiokmB0fRQ=
  dependencies:
    "@babel/runtime" "^7.3.1"
    jss "10.1.1"

jss-plugin-nested@^10.0.3:
  version "10.1.1"
  resolved "https://registry.npm.taobao.org/jss-plugin-nested/download/jss-plugin-nested-10.1.1.tgz#5c3de2b8bda344de1ebcef3a4fd30870a29a8a8c"
  integrity sha1-XD3iuL2jRN4evO86T9MIcKKaiow=
  dependencies:
    "@babel/runtime" "^7.3.1"
    jss "10.1.1"
    tiny-warning "^1.0.2"

jss-plugin-props-sort@^10.0.3:
  version "10.1.1"
  resolved "https://registry.npm.taobao.org/jss-plugin-props-sort/download/jss-plugin-props-sort-10.1.1.tgz#34bddcbfaf9430ec8ccdf92729f03bb10caf1785"
  integrity sha1-NL3cv6+UMOyMzfknKfA7sQyvF4U=
  dependencies:
    "@babel/runtime" "^7.3.1"
    jss "10.1.1"

jss-plugin-rule-value-function@^10.0.3:
  version "10.1.1"
  resolved "https://registry.npm.taobao.org/jss-plugin-rule-value-function/download/jss-plugin-rule-value-function-10.1.1.tgz#be00dac6fc394aaddbcef5860b9eca6224d96382"
  integrity sha1-vgDaxvw5Sq3bzvWGC57KYiTZY4I=
  dependencies:
    "@babel/runtime" "^7.3.1"
    jss "10.1.1"

jss-plugin-vendor-prefixer@^10.0.3:
  version "10.1.1"
  resolved "https://registry.npm.taobao.org/jss-plugin-vendor-prefixer/download/jss-plugin-vendor-prefixer-10.1.1.tgz#8348b20749f790beebab3b6a8f7075b07c2cfcfd"
  integrity sha1-g0iyB0n3kL7rqztqj3B1sHws/P0=
  dependencies:
    "@babel/runtime" "^7.3.1"
    css-vendor "^2.0.7"
    jss "10.1.1"

jss@10.1.1, jss@^10.0.3:
  version "10.1.1"
  resolved "https://registry.npm.taobao.org/jss/download/jss-10.1.1.tgz#450b27d53761af3e500b43130a54cdbe157ea332"
  integrity sha1-RQsn1Tdhrz5QC0MTClTNvhV+ozI=
  dependencies:
    "@babel/runtime" "^7.3.1"
    csstype "^2.6.5"
    is-in-browser "^1.1.3"
    tiny-warning "^1.0.2"

loose-envify@^1.1.0, loose-envify@^1.4.0:
  version "1.4.0"
  resolved "https://registry.npm.taobao.org/loose-envify/download/loose-envify-1.4.0.tgz#71ee51fa7be4caec1a63839f7e682d8132d30caf"
  integrity sha1-ce5R+nvkyuwaY4OffmgtgTLTDK8=
  dependencies:
    js-tokens "^3.0.0 || ^4.0.0"

object-assign@^4.1.1:
  version "4.1.1"
  resolved "https://registry.npm.taobao.org/object-assign/download/object-assign-4.1.1.tgz#2109adc7965887cfc05cbbd442cac8bfbb360863"
  integrity sha1-IQmtx5ZYh8/AXLvUQsrIv7s2CGM=

popper.js@^1.14.1:
  version "1.16.1"
  resolved "https://registry.npm.taobao.org/popper.js/download/popper.js-1.16.1.tgz#2a223cb3dc7b6213d740e40372be40de43e65b1b"
  integrity sha1-KiI8s9x7YhPXQOQDcr5A3kPmWxs=

prop-types@^15.6.2, prop-types@^15.7.2:
  version "15.7.2"
  resolved "https://registry.npm.taobao.org/prop-types/download/prop-types-15.7.2.tgz#52c41e75b8c87e72b9d9360e0206b99dcbffa6c5"
  integrity sha1-UsQedbjIfnK52TYOAga5ncv/psU=
  dependencies:
    loose-envify "^1.4.0"
    object-assign "^4.1.1"
    react-is "^16.8.1"

react-dom@16.12.0:
  version "16.12.0"
  resolved "https://registry.npm.taobao.org/react-dom/download/react-dom-16.12.0.tgz#0da4b714b8d13c2038c9396b54a92baea633fe11"
  integrity sha1-DaS3FLjRPCA4yTlrVKkrrqYz/hE=
  dependencies:
    loose-envify "^1.1.0"
    object-assign "^4.1.1"
    prop-types "^15.6.2"
    scheduler "^0.18.0"

react-is@^16.7.0, react-is@^16.8.0, react-is@^16.8.1:
  version "16.13.1"
  resolved "https://registry.npm.taobao.org/react-is/download/react-is-16.13.1.tgz#789729a4dc36de2999dc156dd6c1d9c18cea56a4"
  integrity sha1-eJcppNw23imZ3BVt1sHZwYzqVqQ=

react-transition-group@^4.3.0:
  version "4.3.0"
  resolved "https://registry.npm.taobao.org/react-transition-group/download/react-transition-group-4.3.0.tgz?cache=0&sync_timestamp=1567692891414&other_urls=https%3A%2F%2Fregistry.npm.taobao.org%2Freact-transition-group%2Fdownload%2Freact-transition-group-4.3.0.tgz#fea832e386cf8796c58b61874a3319704f5ce683"
  integrity sha1-/qgy44bPh5bFi2GHSjMZcE9c5oM=
  dependencies:
    "@babel/runtime" "^7.5.5"
    dom-helpers "^5.0.1"
    loose-envify "^1.4.0"
    prop-types "^15.6.2"

react@16.12.0:
  version "16.12.0"
  resolved "https://registry.npm.taobao.org/react/download/react-16.12.0.tgz?cache=0&sync_timestamp=1584650109083&other_urls=https%3A%2F%2Fregistry.npm.taobao.org%2Freact%2Fdownload%2Freact-16.12.0.tgz#0c0a9c6a142429e3614834d5a778e18aa78a0b83"
  integrity sha1-DAqcahQkKeNhSDTVp3jhiqeKC4M=
  dependencies:
    loose-envify "^1.1.0"
    object-assign "^4.1.1"
    prop-types "^15.6.2"

regenerator-runtime@^0.13.4:
  version "0.13.5"
  resolved "https://registry.npm.taobao.org/regenerator-runtime/download/regenerator-runtime-0.13.5.tgz?cache=0&sync_timestamp=1584052597708&other_urls=https%3A%2F%2Fregistry.npm.taobao.org%2Fregenerator-runtime%2Fdownload%2Fregenerator-runtime-0.13.5.tgz#d878a1d094b4306d10b9096484b33ebd55e26697"
  integrity sha1-2Hih0JS0MG0QuQlkhLM+vVXiZpc=

scheduler@^0.18.0:
  version "0.18.0"
  resolved "https://registry.npm.taobao.org/scheduler/download/scheduler-0.18.0.tgz#5901ad6659bc1d8f3fdaf36eb7a67b0d6746b1c4"
  integrity sha1-WQGtZlm8HY8/2vNut6Z7DWdGscQ=
  dependencies:
    loose-envify "^1.1.0"
    object-assign "^4.1.1"

tiny-warning@^1.0.2:
  version "1.0.3"
  resolved "https://registry.npm.taobao.org/tiny-warning/download/tiny-warning-1.0.3.tgz#94a30db453df4c643d0fd566060d60a875d84754"
  integrity sha1-lKMNtFPfTGQ9D9VmBg1gqHXYR1Q=

tslib@^1.11.1:
  version "1.11.1"
  resolved "https://registry.npm.taobao.org/tslib/download/tslib-1.11.1.tgz#eb15d128827fbee2841549e171f45ed338ac7e35"
  integrity sha1-6xXRKIJ/vuKEFUnhcfRe0zisfjU=
